PODS:
  - Nimble (9.0.1)
  - ORSSerialPort (2.1)

DEPENDENCIES:
  - Nimble
  - ORSSerialPort

SPEC REPOS:
  trunk:
    - Nimble
    - ORSSerialPort

SPEC CHECKSUMS:
  Nimble: 7bed62ffabd6dbfe05f5925cbc43722533248990
  ORSSerialPort: d2d5d131797453430c557ba8dc7dcbcae20ff2e5

PODFILE CHECKSUM: 99ea93fcd9701b391ccc624337bf42b994866816

COCOAPODS: 1.10.1
